
Microsoft Visual Studio Solution File, Format Version 12.00
# Visual Studio Version 16
VisualStudioVersion = 16.0.29409.12
MinimumVisualStudioVersion = 10.0.40219.1
Project("{FAE04EC0-301F-11D3-BF4B-00C04F79EFBC}") = "UltraBend", "UltraBend\UltraBend.csproj", "{0555E470-440D-48A5-975D-1984F81BDD82}"
EndProject
Project("{FAE04EC0-301F-11D3-BF4B-00C04F79EFBC}") = "UltraBend.Databases", "UltraBend.Databases\UltraBend.Databases.csproj", "{B8146AFF-87B0-4827-A1DA-6DEADC6F61F9}"
EndProject
Project("{FAE04EC0-301F-11D3-BF4B-00C04F79EFBC}") = "UltraBend.Engine", "UltraBend.Engine\UltraBend.Engine.csproj", "{4F52BBA8-D0A9-410A-ACB2-F59E11192B2F}"
EndProject
Project("{FAE04EC0-301F-11D3-BF4B-00C04F79EFBC}") = "UltraBend.Common", "UltraBend.Common\UltraBend.Common.csproj", "{26171E4E-3C71-41DD-8B75-C215EA9DE0CA}"
EndProject
Project("{FAE04EC0-301F-11D3-BF4B-00C04F79EFBC}") = "UltraBend.Common.Test", "UltraBend.Common.Test\UltraBend.Common.Test.csproj", "{CFEE36DE-D214-44D9-9D7D-BA2E8EF5F0F7}"
EndProject
Project("{930C7802-8A8C-48F9-8165-68863BCCD9DD}") = "UltraBend.Setup", "UltraBend.Setup\UltraBend.Setup.wixproj", "{11F6E7B5-3709-4E63-AABC-C8CA905FF12D}"
EndProject
Project("{930C7802-8A8C-48F9-8165-68863BCCD9DD}") = "UltraBend.Setup.Bootstrapper", "UltraBend.Setup.Bootstrapper\UltraBend.Setup.Bootstrapper.wixproj", "{E8C5BB17-6568-4728-B676-C46514C07D18}"
EndProject
Project("{FAE04EC0-301F-11D3-BF4B-00C04F79EFBC}") = "UltraBend.Services", "UltraBend.Services\UltraBend.Services.csproj", "{C1485185-B52A-453B-B485-6F192B16CD48}"
EndProject
Project("{2150E333-8FDC-42A3-9474-1A3956D46DE8}") = "Solution Items", "Solution Items", "{0E675C73-8284-4B09-82CA-67E420FD9B65}"
	ProjectSection(SolutionItems) = preProject
		..\..\README.md = ..\..\README.md
	EndProjectSection
EndProject
Project("{FAE04EC0-301F-11D3-BF4B-00C04F79EFBC}") = "UltraBend.Reports", "UltraBend.Reports\UltraBend.Reports.csproj", "{CABB4300-C41A-456B-9C8B-E72D326FE63F}"
EndProject
Global
	GlobalSection(SolutionConfigurationPlatforms) = preSolution
		Debug|Any CPU = Debug|Any CPU
		Debug|x86 = Debug|x86
		Debug-40|Any CPU = Debug-40|Any CPU
		Debug-40|x86 = Debug-40|x86
		Debug-45|Any CPU = Debug-45|Any CPU
		Debug-45|x86 = Debug-45|x86
		Debug-Installer|Any CPU = Debug-Installer|Any CPU
		Debug-Installer|x86 = Debug-Installer|x86
		Release|Any CPU = Release|Any CPU
		Release|x86 = Release|x86
		Release-40|Any CPU = Release-40|Any CPU
		Release-40|x86 = Release-40|x86
		Release-45|Any CPU = Release-45|Any CPU
		Release-45|x86 = Release-45|x86
	EndGlobalSection
	GlobalSection(ProjectConfigurationPlatforms) = postSolution
		{0555E470-440D-48A5-975D-1984F81BDD82}.Debug|Any CPU.ActiveCfg = Debug|Any CPU
		{0555E470-440D-48A5-975D-1984F81BDD82}.Debug|Any CPU.Build.0 = Debug|Any CPU
		{0555E470-440D-48A5-975D-1984F81BDD82}.Debug|x86.ActiveCfg = Debug|Any CPU
		{0555E470-440D-48A5-975D-1984F81BDD82}.Debug|x86.Build.0 = Debug|Any CPU
		{0555E470-440D-48A5-975D-1984F81BDD82}.Debug-40|Any CPU.ActiveCfg = Debug|Any CPU
		{0555E470-440D-48A5-975D-1984F81BDD82}.Debug-40|Any CPU.Build.0 = Debug|Any CPU
		{0555E470-440D-48A5-975D-1984F81BDD82}.Debug-40|x86.ActiveCfg = Debug|Any CPU
		{0555E470-440D-48A5-975D-1984F81BDD82}.Debug-40|x86.Build.0 = Debug|Any CPU
		{0555E470-440D-48A5-975D-1984F81BDD82}.Debug-45|Any CPU.ActiveCfg = Debug|Any CPU
		{0555E470-440D-48A5-975D-1984F81BDD82}.Debug-45|Any CPU.Build.0 = Debug|Any CPU
		{0555E470-440D-48A5-975D-1984F81BDD82}.Debug-45|x86.ActiveCfg = Debug|Any CPU
		{0555E470-440D-48A5-975D-1984F81BDD82}.Debug-45|x86.Build.0 = Debug|Any CPU
		{0555E470-440D-48A5-975D-1984F81BDD82}.Debug-Installer|Any CPU.ActiveCfg = Debug|Any CPU
		{0555E470-440D-48A5-975D-1984F81BDD82}.Debug-Installer|Any CPU.Build.0 = Debug|Any CPU
		{0555E470-440D-48A5-975D-1984F81BDD82}.Debug-Installer|x86.ActiveCfg = Debug-Installer|Any CPU
		{0555E470-440D-48A5-975D-1984F81BDD82}.Debug-Installer|x86.Build.0 = Debug-Installer|Any CPU
		{0555E470-440D-48A5-975D-1984F81BDD82}.Release|Any CPU.ActiveCfg = Release|Any CPU
		{0555E470-440D-48A5-975D-1984F81BDD82}.Release|Any CPU.Build.0 = Release|Any CPU
		{0555E470-440D-48A5-975D-1984F81BDD82}.Release|x86.ActiveCfg = Release|Any CPU
		{0555E470-440D-48A5-975D-1984F81BDD82}.Release|x86.Build.0 = Release|Any CPU
		{0555E470-440D-48A5-975D-1984F81BDD82}.Release-40|Any CPU.ActiveCfg = Release|Any CPU
		{0555E470-440D-48A5-975D-1984F81BDD82}.Release-40|Any CPU.Build.0 = Release|Any CPU
		{0555E470-440D-48A5-975D-1984F81BDD82}.Release-40|x86.ActiveCfg = Release|Any CPU
		{0555E470-440D-48A5-975D-1984F81BDD82}.Release-40|x86.Build.0 = Release|Any CPU
		{0555E470-440D-48A5-975D-1984F81BDD82}.Release-45|Any CPU.ActiveCfg = Release|Any CPU
		{0555E470-440D-48A5-975D-1984F81BDD82}.Release-45|Any CPU.Build.0 = Release|Any CPU
		{0555E470-440D-48A5-975D-1984F81BDD82}.Release-45|x86.ActiveCfg = Release|Any CPU
		{0555E470-440D-48A5-975D-1984F81BDD82}.Release-45|x86.Build.0 = Release|Any CPU
		{B8146AFF-87B0-4827-A1DA-6DEADC6F61F9}.Debug|Any CPU.ActiveCfg = Debug|Any CPU
		{B8146AFF-87B0-4827-A1DA-6DEADC6F61F9}.Debug|Any CPU.Build.0 = Debug|Any CPU
		{B8146AFF-87B0-4827-A1DA-6DEADC6F61F9}.Debug|x86.ActiveCfg = Debug|Any CPU
		{B8146AFF-87B0-4827-A1DA-6DEADC6F61F9}.Debug|x86.Build.0 = Debug|Any CPU
		{B8146AFF-87B0-4827-A1DA-6DEADC6F61F9}.Debug-40|Any CPU.ActiveCfg = Debug|Any CPU
		{B8146AFF-87B0-4827-A1DA-6DEADC6F61F9}.Debug-40|Any CPU.Build.0 = Debug|Any CPU
		{B8146AFF-87B0-4827-A1DA-6DEADC6F61F9}.Debug-40|x86.ActiveCfg = Debug|Any CPU
		{B8146AFF-87B0-4827-A1DA-6DEADC6F61F9}.Debug-40|x86.Build.0 = Debug|Any CPU
		{B8146AFF-87B0-4827-A1DA-6DEADC6F61F9}.Debug-45|Any CPU.ActiveCfg = Debug|Any CPU
		{B8146AFF-87B0-4827-A1DA-6DEADC6F61F9}.Debug-45|Any CPU.Build.0 = Debug|Any CPU
		{B8146AFF-87B0-4827-A1DA-6DEADC6F61F9}.Debug-45|x86.ActiveCfg = Debug|Any CPU
		{B8146AFF-87B0-4827-A1DA-6DEADC6F61F9}.Debug-45|x86.Build.0 = Debug|Any CPU
		{B8146AFF-87B0-4827-A1DA-6DEADC6F61F9}.Debug-Installer|Any CPU.ActiveCfg = Debug|Any CPU
		{B8146AFF-87B0-4827-A1DA-6DEADC6F61F9}.Debug-Installer|Any CPU.Build.0 = Debug|Any CPU
		{B8146AFF-87B0-4827-A1DA-6DEADC6F61F9}.Debug-Installer|x86.ActiveCfg = Debug-Installer|Any CPU
		{B8146AFF-87B0-4827-A1DA-6DEADC6F61F9}.Debug-Installer|x86.Build.0 = Debug-Installer|Any CPU
		{B8146AFF-87B0-4827-A1DA-6DEADC6F61F9}.Release|Any CPU.ActiveCfg = Release|Any CPU
		{B8146AFF-87B0-4827-A1DA-6DEADC6F61F9}.Release|Any CPU.Build.0 = Release|Any CPU
		{B8146AFF-87B0-4827-A1DA-6DEADC6F61F9}.Release|x86.ActiveCfg = Release|Any CPU
		{B8146AFF-87B0-4827-A1DA-6DEADC6F61F9}.Release|x86.Build.0 = Release|Any CPU
		{B8146AFF-87B0-4827-A1DA-6DEADC6F61F9}.Release-40|Any CPU.ActiveCfg = Release|Any CPU
		{B8146AFF-87B0-4827-A1DA-6DEADC6F61F9}.Release-40|Any CPU.Build.0 = Release|Any CPU
		{B8146AFF-87B0-4827-A1DA-6DEADC6F61F9}.Release-40|x86.ActiveCfg = Release|Any CPU
		{B8146AFF-87B0-4827-A1DA-6DEADC6F61F9}.Release-40|x86.Build.0 = Release|Any CPU
		{B8146AFF-87B0-4827-A1DA-6DEADC6F61F9}.Release-45|Any CPU.ActiveCfg = Release|Any CPU
		{B8146AFF-87B0-4827-A1DA-6DEADC6F61F9}.Release-45|Any CPU.Build.0 = Release|Any CPU
		{B8146AFF-87B0-4827-A1DA-6DEADC6F61F9}.Release-45|x86.ActiveCfg = Release|Any CPU
		{B8146AFF-87B0-4827-A1DA-6DEADC6F61F9}.Release-45|x86.Build.0 = Release|Any CPU
		{4F52BBA8-D0A9-410A-ACB2-F59E11192B2F}.Debug|Any CPU.ActiveCfg = Debug|Any CPU
		{4F52BBA8-D0A9-410A-ACB2-F59E11192B2F}.Debug|Any CPU.Build.0 = Debug|Any CPU
		{4F52BBA8-D0A9-410A-ACB2-F59E11192B2F}.Debug|x86.ActiveCfg = Debug|Any CPU
		{4F52BBA8-D0A9-410A-ACB2-F59E11192B2F}.Debug|x86.Build.0 = Debug|Any CPU
		{4F52BBA8-D0A9-410A-ACB2-F59E11192B2F}.Debug-40|Any CPU.ActiveCfg = Debug|Any CPU
		{4F52BBA8-D0A9-410A-ACB2-F59E11192B2F}.Debug-40|Any CPU.Build.0 = Debug|Any CPU
		{4F52BBA8-D0A9-410A-ACB2-F59E11192B2F}.Debug-40|x86.ActiveCfg = Debug|Any CPU
		{4F52BBA8-D0A9-410A-ACB2-F59E11192B2F}.Debug-40|x86.Build.0 = Debug|Any CPU
		{4F52BBA8-D0A9-410A-ACB2-F59E11192B2F}.Debug-45|Any CPU.ActiveCfg = Debug|Any CPU
		{4F52BBA8-D0A9-410A-ACB2-F59E11192B2F}.Debug-45|Any CPU.Build.0 = Debug|Any CPU
		{4F52BBA8-D0A9-410A-ACB2-F59E11192B2F}.Debug-45|x86.ActiveCfg = Debug|Any CPU
		{4F52BBA8-D0A9-410A-ACB2-F59E11192B2F}.Debug-45|x86.Build.0 = Debug|Any CPU
		{4F52BBA8-D0A9-410A-ACB2-F59E11192B2F}.Debug-Installer|Any CPU.ActiveCfg = Debug|Any CPU
		{4F52BBA8-D0A9-410A-ACB2-F59E11192B2F}.Debug-Installer|Any CPU.Build.0 = Debug|Any CPU
		{4F52BBA8-D0A9-410A-ACB2-F59E11192B2F}.Debug-Installer|x86.ActiveCfg = Debug-Installer|Any CPU
		{4F52BBA8-D0A9-410A-ACB2-F59E11192B2F}.Debug-Installer|x86.Build.0 = Debug-Installer|Any CPU
		{4F52BBA8-D0A9-410A-ACB2-F59E11192B2F}.Release|Any CPU.ActiveCfg = Release|Any CPU
		{4F52BBA8-D0A9-410A-ACB2-F59E11192B2F}.Release|Any CPU.Build.0 = Release|Any CPU
		{4F52BBA8-D0A9-410A-ACB2-F59E11192B2F}.Release|x86.ActiveCfg = Release|Any CPU
		{4F52BBA8-D0A9-410A-ACB2-F59E11192B2F}.Release|x86.Build.0 = Release|Any CPU
		{4F52BBA8-D0A9-410A-ACB2-F59E11192B2F}.Release-40|Any CPU.ActiveCfg = Release|Any CPU
		{4F52BBA8-D0A9-410A-ACB2-F59E11192B2F}.Release-40|Any CPU.Build.0 = Release|Any CPU
		{4F52BBA8-D0A9-410A-ACB2-F59E11192B2F}.Release-40|x86.ActiveCfg = Release|Any CPU
		{4F52BBA8-D0A9-410A-ACB2-F59E11192B2F}.Release-40|x86.Build.0 = Release|Any CPU
		{4F52BBA8-D0A9-410A-ACB2-F59E11192B2F}.Release-45|Any CPU.ActiveCfg = Release|Any CPU
		{4F52BBA8-D0A9-410A-ACB2-F59E11192B2F}.Release-45|Any CPU.Build.0 = Release|Any CPU
		{4F52BBA8-D0A9-410A-ACB2-F59E11192B2F}.Release-45|x86.ActiveCfg = Release|Any CPU
		{4F52BBA8-D0A9-410A-ACB2-F59E11192B2F}.Release-45|x86.Build.0 = Release|Any CPU
		{26171E4E-3C71-41DD-8B75-C215EA9DE0CA}.Debug|Any CPU.ActiveCfg = Debug|Any CPU
		{26171E4E-3C71-41DD-8B75-C215EA9DE0CA}.Debug|Any CPU.Build.0 = Debug|Any CPU
		{26171E4E-3C71-41DD-8B75-C215EA9DE0CA}.Debug|x86.ActiveCfg = Debug|Any CPU
		{26171E4E-3C71-41DD-8B75-C215EA9DE0CA}.Debug|x86.Build.0 = Debug|Any CPU
		{26171E4E-3C71-41DD-8B75-C215EA9DE0CA}.Debug-40|Any CPU.ActiveCfg = Debug|Any CPU
		{26171E4E-3C71-41DD-8B75-C215EA9DE0CA}.Debug-40|Any CPU.Build.0 = Debug|Any CPU
		{26171E4E-3C71-41DD-8B75-C215EA9DE0CA}.Debug-40|x86.ActiveCfg = Debug|Any CPU
		{26171E4E-3C71-41DD-8B75-C215EA9DE0CA}.Debug-40|x86.Build.0 = Debug|Any CPU
		{26171E4E-3C71-41DD-8B75-C215EA9DE0CA}.Debug-45|Any CPU.ActiveCfg = Debug|Any CPU
		{26171E4E-3C71-41DD-8B75-C215EA9DE0CA}.Debug-45|Any CPU.Build.0 = Debug|Any CPU
		{26171E4E-3C71-41DD-8B75-C215EA9DE0CA}.Debug-45|x86.ActiveCfg = Debug|Any CPU
		{26171E4E-3C71-41DD-8B75-C215EA9DE0CA}.Debug-45|x86.Build.0 = Debug|Any CPU
		{26171E4E-3C71-41DD-8B75-C215EA9DE0CA}.Debug-Installer|Any CPU.ActiveCfg = Debug|Any CPU
		{26171E4E-3C71-41DD-8B75-C215EA9DE0CA}.Debug-Installer|Any CPU.Build.0 = Debug|Any CPU
		{26171E4E-3C71-41DD-8B75-C215EA9DE0CA}.Debug-Installer|x86.ActiveCfg = Debug-Installer|Any CPU
		{26171E4E-3C71-41DD-8B75-C215EA9DE0CA}.Debug-Installer|x86.Build.0 = Debug-Installer|Any CPU
		{26171E4E-3C71-41DD-8B75-C215EA9DE0CA}.Release|Any CPU.ActiveCfg = Release|Any CPU
		{26171E4E-3C71-41DD-8B75-C215EA9DE0CA}.Release|Any CPU.Build.0 = Release|Any CPU
		{26171E4E-3C71-41DD-8B75-C215EA9DE0CA}.Release|x86.ActiveCfg = Release|Any CPU
		{26171E4E-3C71-41DD-8B75-C215EA9DE0CA}.Release|x86.Build.0 = Release|Any CPU
		{26171E4E-3C71-41DD-8B75-C215EA9DE0CA}.Release-40|Any CPU.ActiveCfg = Release|Any CPU
		{26171E4E-3C71-41DD-8B75-C215EA9DE0CA}.Release-40|Any CPU.Build.0 = Release|Any CPU
		{26171E4E-3C71-41DD-8B75-C215EA9DE0CA}.Release-40|x86.ActiveCfg = Release|Any CPU
		{26171E4E-3C71-41DD-8B75-C215EA9DE0CA}.Release-40|x86.Build.0 = Release|Any CPU
		{26171E4E-3C71-41DD-8B75-C215EA9DE0CA}.Release-45|Any CPU.ActiveCfg = Release|Any CPU
		{26171E4E-3C71-41DD-8B75-C215EA9DE0CA}.Release-45|Any CPU.Build.0 = Release|Any CPU
		{26171E4E-3C71-41DD-8B75-C215EA9DE0CA}.Release-45|x86.ActiveCfg = Release|Any CPU
		{26171E4E-3C71-41DD-8B75-C215EA9DE0CA}.Release-45|x86.Build.0 = Release|Any CPU
		{CFEE36DE-D214-44D9-9D7D-BA2E8EF5F0F7}.Debug|Any CPU.ActiveCfg = Debug|Any CPU
		{CFEE36DE-D214-44D9-9D7D-BA2E8EF5F0F7}.Debug|Any CPU.Build.0 = Debug|Any CPU
		{CFEE36DE-D214-44D9-9D7D-BA2E8EF5F0F7}.Debug|x86.ActiveCfg = Debug|Any CPU
		{CFEE36DE-D214-44D9-9D7D-BA2E8EF5F0F7}.Debug|x86.Build.0 = Debug|Any CPU
		{CFEE36DE-D214-44D9-9D7D-BA2E8EF5F0F7}.Debug-40|Any CPU.ActiveCfg = Debug|Any CPU
		{CFEE36DE-D214-44D9-9D7D-BA2E8EF5F0F7}.Debug-40|Any CPU.Build.0 = Debug|Any CPU
		{CFEE36DE-D214-44D9-9D7D-BA2E8EF5F0F7}.Debug-40|x86.ActiveCfg = Debug|Any CPU
		{CFEE36DE-D214-44D9-9D7D-BA2E8EF5F0F7}.Debug-40|x86.Build.0 = Debug|Any CPU
		{CFEE36DE-D214-44D9-9D7D-BA2E8EF5F0F7}.Debug-45|Any CPU.ActiveCfg = Debug|Any CPU
		{CFEE36DE-D214-44D9-9D7D-BA2E8EF5F0F7}.Debug-45|Any CPU.Build.0 = Debug|Any CPU
		{CFEE36DE-D214-44D9-9D7D-BA2E8EF5F0F7}.Debug-45|x86.ActiveCfg = Debug|Any CPU
		{CFEE36DE-D214-44D9-9D7D-BA2E8EF5F0F7}.Debug-45|x86.Build.0 = Debug|Any CPU
		{CFEE36DE-D214-44D9-9D7D-BA2E8EF5F0F7}.Debug-Installer|Any CPU.ActiveCfg = Debug|Any CPU
		{CFEE36DE-D214-44D9-9D7D-BA2E8EF5F0F7}.Debug-Installer|Any CPU.Build.0 = Debug|Any CPU
		{CFEE36DE-D214-44D9-9D7D-BA2E8EF5F0F7}.Debug-Installer|x86.ActiveCfg = Debug-Installer|Any CPU
		{CFEE36DE-D214-44D9-9D7D-BA2E8EF5F0F7}.Debug-Installer|x86.Build.0 = Debug-Installer|Any CPU
		{CFEE36DE-D214-44D9-9D7D-BA2E8EF5F0F7}.Release|Any CPU.ActiveCfg = Release|Any CPU
		{CFEE36DE-D214-44D9-9D7D-BA2E8EF5F0F7}.Release|Any CPU.Build.0 = Release|Any CPU
		{CFEE36DE-D214-44D9-9D7D-BA2E8EF5F0F7}.Release|x86.ActiveCfg = Release|Any CPU
		{CFEE36DE-D214-44D9-9D7D-BA2E8EF5F0F7}.Release|x86.Build.0 = Release|Any CPU
		{CFEE36DE-D214-44D9-9D7D-BA2E8EF5F0F7}.Release-40|Any CPU.ActiveCfg = Release|Any CPU
		{CFEE36DE-D214-44D9-9D7D-BA2E8EF5F0F7}.Release-40|Any CPU.Build.0 = Release|Any CPU
		{CFEE36DE-D214-44D9-9D7D-BA2E8EF5F0F7}.Release-40|x86.ActiveCfg = Release|Any CPU
		{CFEE36DE-D214-44D9-9D7D-BA2E8EF5F0F7}.Release-40|x86.Build.0 = Release|Any CPU
		{CFEE36DE-D214-44D9-9D7D-BA2E8EF5F0F7}.Release-45|Any CPU.ActiveCfg = Release|Any CPU
		{CFEE36DE-D214-44D9-9D7D-BA2E8EF5F0F7}.Release-45|Any CPU.Build.0 = Release|Any CPU
		{CFEE36DE-D214-44D9-9D7D-BA2E8EF5F0F7}.Release-45|x86.ActiveCfg = Release|Any CPU
		{CFEE36DE-D214-44D9-9D7D-BA2E8EF5F0F7}.Release-45|x86.Build.0 = Release|Any CPU
		{11F6E7B5-3709-4E63-AABC-C8CA905FF12D}.Debug|Any CPU.ActiveCfg = Debug|x86
		{11F6E7B5-3709-4E63-AABC-C8CA905FF12D}.Debug|x86.ActiveCfg = Debug|x86
		{11F6E7B5-3709-4E63-AABC-C8CA905FF12D}.Debug|x86.Build.0 = Debug|x86
		{11F6E7B5-3709-4E63-AABC-C8CA905FF12D}.Debug-40|Any CPU.ActiveCfg = Release|x86
		{11F6E7B5-3709-4E63-AABC-C8CA905FF12D}.Debug-40|Any CPU.Build.0 = Release|x86
		{11F6E7B5-3709-4E63-AABC-C8CA905FF12D}.Debug-40|x86.ActiveCfg = Debug|x86
		{11F6E7B5-3709-4E63-AABC-C8CA905FF12D}.Debug-40|x86.Build.0 = Debug|x86
		{11F6E7B5-3709-4E63-AABC-C8CA905FF12D}.Debug-45|Any CPU.ActiveCfg = Release|x86
		{11F6E7B5-3709-4E63-AABC-C8CA905FF12D}.Debug-45|Any CPU.Build.0 = Release|x86
		{11F6E7B5-3709-4E63-AABC-C8CA905FF12D}.Debug-45|x86.ActiveCfg = Debug|x86
		{11F6E7B5-3709-4E63-AABC-C8CA905FF12D}.Debug-45|x86.Build.0 = Debug|x86
		{11F6E7B5-3709-4E63-AABC-C8CA905FF12D}.Debug-Installer|Any CPU.ActiveCfg = Debug|x86
		{11F6E7B5-3709-4E63-AABC-C8CA905FF12D}.Debug-Installer|Any CPU.Build.0 = Debug|x86
		{11F6E7B5-3709-4E63-AABC-C8CA905FF12D}.Debug-Installer|x86.ActiveCfg = Debug|x86
		{11F6E7B5-3709-4E63-AABC-C8CA905FF12D}.Debug-Installer|x86.Build.0 = Debug|x86
		{11F6E7B5-3709-4E63-AABC-C8CA905FF12D}.Release|Any CPU.ActiveCfg = Release|x86
		{11F6E7B5-3709-4E63-AABC-C8CA905FF12D}.Release|x86.ActiveCfg = Release|x86
		{11F6E7B5-3709-4E63-AABC-C8CA905FF12D}.Release|x86.Build.0 = Release|x86
		{11F6E7B5-3709-4E63-AABC-C8CA905FF12D}.Release-40|Any CPU.ActiveCfg = Release|x86
		{11F6E7B5-3709-4E63-AABC-C8CA905FF12D}.Release-40|Any CPU.Build.0 = Release|x86
		{11F6E7B5-3709-4E63-AABC-C8CA905FF12D}.Release-40|x86.ActiveCfg = Release|x86
		{11F6E7B5-3709-4E63-AABC-C8CA905FF12D}.Release-40|x86.Build.0 = Release|x86
		{11F6E7B5-3709-4E63-AABC-C8CA905FF12D}.Release-45|Any CPU.ActiveCfg = Release|x86
		{11F6E7B5-3709-4E63-AABC-C8CA905FF12D}.Release-45|Any CPU.Build.0 = Release|x86
		{11F6E7B5-3709-4E63-AABC-C8CA905FF12D}.Release-45|x86.ActiveCfg = Release|x86
		{11F6E7B5-3709-4E63-AABC-C8CA905FF12D}.Release-45|x86.Build.0 = Release|x86
		{E8C5BB17-6568-4728-B676-C46514C07D18}.Debug|Any CPU.ActiveCfg = Debug|x86
		{E8C5BB17-6568-4728-B676-C46514C07D18}.Debug|x86.ActiveCfg = Debug|x86
		{E8C5BB17-6568-4728-B676-C46514C07D18}.Debug|x86.Build.0 = Debug|x86
		{E8C5BB17-6568-4728-B676-C46514C07D18}.Debug-40|Any CPU.ActiveCfg = Release|x86
		{E8C5BB17-6568-4728-B676-C46514C07D18}.Debug-40|Any CPU.Build.0 = Release|x86
		{E8C5BB17-6568-4728-B676-C46514C07D18}.Debug-40|x86.ActiveCfg = Debug|x86
		{E8C5BB17-6568-4728-B676-C46514C07D18}.Debug-40|x86.Build.0 = Debug|x86
		{E8C5BB17-6568-4728-B676-C46514C07D18}.Debug-45|Any CPU.ActiveCfg = Release|x86
		{E8C5BB17-6568-4728-B676-C46514C07D18}.Debug-45|Any CPU.Build.0 = Release|x86
		{E8C5BB17-6568-4728-B676-C46514C07D18}.Debug-45|x86.ActiveCfg = Debug|x86
		{E8C5BB17-6568-4728-B676-C46514C07D18}.Debug-45|x86.Build.0 = Debug|x86
		{E8C5BB17-6568-4728-B676-C46514C07D18}.Debug-Installer|Any CPU.ActiveCfg = Debug|x86
		{E8C5BB17-6568-4728-B676-C46514C07D18}.Debug-Installer|Any CPU.Build.0 = Debug|x86
		{E8C5BB17-6568-4728-B676-C46514C07D18}.Debug-Installer|x86.ActiveCfg = Debug|x86
		{E8C5BB17-6568-4728-B676-C46514C07D18}.Debug-Installer|x86.Build.0 = Debug|x86
		{E8C5BB17-6568-4728-B676-C46514C07D18}.Release|Any CPU.ActiveCfg = Release|x86
		{E8C5BB17-6568-4728-B676-C46514C07D18}.Release|x86.ActiveCfg = Release|x86
		{E8C5BB17-6568-4728-B676-C46514C07D18}.Release|x86.Build.0 = Release|x86
		{E8C5BB17-6568-4728-B676-C46514C07D18}.Release-40|Any CPU.ActiveCfg = Release|x86
		{E8C5BB17-6568-4728-B676-C46514C07D18}.Release-40|Any CPU.Build.0 = Release|x86
		{E8C5BB17-6568-4728-B676-C46514C07D18}.Release-40|x86.ActiveCfg = Release|x86
		{E8C5BB17-6568-4728-B676-C46514C07D18}.Release-40|x86.Build.0 = Release|x86
		{E8C5BB17-6568-4728-B676-C46514C07D18}.Release-45|Any CPU.ActiveCfg = Release|x86
		{E8C5BB17-6568-4728-B676-C46514C07D18}.Release-45|Any CPU.Build.0 = Release|x86
		{E8C5BB17-6568-4728-B676-C46514C07D18}.Release-45|x86.ActiveCfg = Release|x86
		{E8C5BB17-6568-4728-B676-C46514C07D18}.Release-45|x86.Build.0 = Release|x86
		{C1485185-B52A-453B-B485-6F192B16CD48}.Debug|Any CPU.ActiveCfg = Debug|Any CPU
		{C1485185-B52A-453B-B485-6F192B16CD48}.Debug|Any CPU.Build.0 = Debug|Any CPU
		{C1485185-B52A-453B-B485-6F192B16CD48}.Debug|x86.ActiveCfg = Debug|Any CPU
		{C1485185-B52A-453B-B485-6F192B16CD48}.Debug|x86.Build.0 = Debug|Any CPU
		{C1485185-B52A-453B-B485-6F192B16CD48}.Debug-40|Any CPU.ActiveCfg = Debug|Any CPU
		{C1485185-B52A-453B-B485-6F192B16CD48}.Debug-40|Any CPU.Build.0 = Debug|Any CPU
		{C1485185-B52A-453B-B485-6F192B16CD48}.Debug-40|x86.ActiveCfg = Debug|Any CPU
		{C1485185-B52A-453B-B485-6F192B16CD48}.Debug-40|x86.Build.0 = Debug|Any CPU
		{C1485185-B52A-453B-B485-6F192B16CD48}.Debug-45|Any CPU.ActiveCfg = Debug|Any CPU
		{C1485185-B52A-453B-B485-6F192B16CD48}.Debug-45|Any CPU.Build.0 = Debug|Any CPU
		{C1485185-B52A-453B-B485-6F192B16CD48}.Debug-45|x86.ActiveCfg = Debug|Any CPU
		{C1485185-B52A-453B-B485-6F192B16CD48}.Debug-45|x86.Build.0 = Debug|Any CPU
		{C1485185-B52A-453B-B485-6F192B16CD48}.Debug-Installer|Any CPU.ActiveCfg = Debug|Any CPU
		{C1485185-B52A-453B-B485-6F192B16CD48}.Debug-Installer|Any CPU.Build.0 = Debug|Any CPU
		{C1485185-B52A-453B-B485-6F192B16CD48}.Debug-Installer|x86.ActiveCfg = Debug|Any CPU
		{C1485185-B52A-453B-B485-6F192B16CD48}.Debug-Installer|x86.Build.0 = Debug|Any CPU
		{C1485185-B52A-453B-B485-6F192B16CD48}.Release|Any CPU.ActiveCfg = Release|Any CPU
		{C1485185-B52A-453B-B485-6F192B16CD48}.Release|Any CPU.Build.0 = Release|Any CPU
		{C1485185-B52A-453B-B485-6F192B16CD48}.Release|x86.ActiveCfg = Release|Any CPU
		{C1485185-B52A-453B-B485-6F192B16CD48}.Release|x86.Build.0 = Release|Any CPU
		{C1485185-B52A-453B-B485-6F192B16CD48}.Release-40|Any CPU.ActiveCfg = Release|Any CPU
		{C1485185-B52A-453B-B485-6F192B16CD48}.Release-40|Any CPU.Build.0 = Release|Any CPU
		{C1485185-B52A-453B-B485-6F192B16CD48}.Release-40|x86.ActiveCfg = Release|Any CPU
		{C1485185-B52A-453B-B485-6F192B16CD48}.Release-40|x86.Build.0 = Release|Any CPU
		{C1485185-B52A-453B-B485-6F192B16CD48}.Release-45|Any CPU.ActiveCfg = Release|Any CPU
		{C1485185-B52A-453B-B485-6F192B16CD48}.Release-45|Any CPU.Build.0 = Release|Any CPU
		{C1485185-B52A-453B-B485-6F192B16CD48}.Release-45|x86.ActiveCfg = Release|Any CPU
		{C1485185-B52A-453B-B485-6F192B16CD48}.Release-45|x86.Build.0 = Release|Any CPU
		{CABB4300-C41A-456B-9C8B-E72D326FE63F}.Debug|Any CPU.ActiveCfg = Debug|Any CPU
		{CABB4300-C41A-456B-9C8B-E72D326FE63F}.Debug|Any CPU.Build.0 = Debug|Any CPU
		{CABB4300-C41A-456B-9C8B-E72D326FE63F}.Debug|x86.ActiveCfg = Debug|Any CPU
		{CABB4300-C41A-456B-9C8B-E72D326FE63F}.Debug|x86.Build.0 = Debug|Any CPU
		{CABB4300-C41A-456B-9C8B-E72D326FE63F}.Debug-40|Any CPU.ActiveCfg = Debug|Any CPU
		{CABB4300-C41A-456B-9C8B-E72D326FE63F}.Debug-40|Any CPU.Build.0 = Debug|Any CPU
		{CABB4300-C41A-456B-9C8B-E72D326FE63F}.Debug-40|x86.ActiveCfg = Debug|Any CPU
		{CABB4300-C41A-456B-9C8B-E72D326FE63F}.Debug-40|x86.Build.0 = Debug|Any CPU
		{CABB4300-C41A-456B-9C8B-E72D326FE63F}.Debug-45|Any CPU.ActiveCfg = Debug|Any CPU
		{CABB4300-C41A-456B-9C8B-E72D326FE63F}.Debug-45|Any CPU.Build.0 = Debug|Any CPU
		{CABB4300-C41A-456B-9C8B-E72D326FE63F}.Debug-45|x86.ActiveCfg = Debug|Any CPU
		{CABB4300-C41A-456B-9C8B-E72D326FE63F}.Debug-45|x86.Build.0 = Debug|Any CPU
		{CABB4300-C41A-456B-9C8B-E72D326FE63F}.Debug-Installer|Any CPU.ActiveCfg = Debug|Any CPU
		{CABB4300-C41A-456B-9C8B-E72D326FE63F}.Debug-Installer|Any CPU.Build.0 = Debug|Any CPU
		{CABB4300-C41A-456B-9C8B-E72D326FE63F}.Debug-Installer|x86.ActiveCfg = Debug|Any CPU
		{CABB4300-C41A-456B-9C8B-E72D326FE63F}.Debug-Installer|x86.Build.0 = Debug|Any CPU
		{CABB4300-C41A-456B-9C8B-E72D326FE63F}.Release|Any CPU.ActiveCfg = Release|Any CPU
		{CABB4300-C41A-456B-9C8B-E72D326FE63F}.Release|Any CPU.Build.0 = Release|Any CPU
		{CABB4300-C41A-456B-9C8B-E72D326FE63F}.Release|x86.ActiveCfg = Release|Any CPU
		{CABB4300-C41A-456B-9C8B-E72D326FE63F}.Release|x86.Build.0 = Release|Any CPU
		{CABB4300-C41A-456B-9C8B-E72D326FE63F}.Release-40|Any CPU.ActiveCfg = Release|Any CPU
		{CABB4300-C41A-456B-9C8B-E72D326FE63F}.Release-40|Any CPU.Build.0 = Release|Any CPU
		{CABB4300-C41A-456B-9C8B-E72D326FE63F}.Release-40|x86.ActiveCfg = Release|Any CPU
		{CABB4300-C41A-456B-9C8B-E72D326FE63F}.Release-40|x86.Build.0 = Release|Any CPU
		{CABB4300-C41A-456B-9C8B-E72D326FE63F}.Release-45|Any CPU.ActiveCfg = Release|Any CPU
		{CABB4300-C41A-456B-9C8B-E72D326FE63F}.Release-45|Any CPU.Build.0 = Release|Any CPU
		{CABB4300-C41A-456B-9C8B-E72D326FE63F}.Release-45|x86.ActiveCfg = Release|Any CPU
		{CABB4300-C41A-456B-9C8B-E72D326FE63F}.Release-45|x86.Build.0 = Release|Any CPU
	EndGlobalSection
	GlobalSection(SolutionProperties) = preSolution
		HideSolutionNode = FALSE
	EndGlobalSection
	GlobalSection(ExtensibilityGlobals) = postSolution
		SolutionGuid = {0179416C-4F6B-45CC-A559-28D59E47F7D4}
	EndGlobalSection
EndGlobal
